
Microsoft Visual Studio Solution File, Format Version 12.00
# Visual Studio Version 17
VisualStudioVersion = 17.4.33403.182
MinimumVisualStudioVersion = 10.0.40219.1
Project("{FAE04EC0-301F-11D3-BF4B-00C04F79EFBC}") = "ConsoleApp1", "ConsoleApp1\ConsoleApp1.csproj", "{02D64A89-F84D-480A-8678-4B1CBD5F6933}"
EndProject
Global
	GlobalSection(SolutionConfigurationPlatforms) = preSolution
		Debug|Any CPU = Debug|Any CPU
		Release|Any CPU = Release|Any CPU
	EndGlobalSection
	GlobalSection(ProjectConfigurationPlatforms) = postSolution
		{02D64A89-F84D-480A-8678-4B1CBD5F6933}.Debug|Any CPU.ActiveCfg = Debug|Any CPU
		{02D64A89-F84D-480A-8678-4B1CBD5F6933}.Debug|Any CPU.Build.0 = Debug|Any CPU
		{02D64A89-F84D-480A-8678-4B1CBD5F6933}.Release|Any CPU.ActiveCfg = Release|Any CPU
		{02D64A89-F84D-480A-8678-4B1CBD5F6933}.Release|Any CPU.Build.0 = Release|Any CPU
	EndGlobalSection
	GlobalSection(SolutionProperties) = preSolution
		HideSolutionNode = FALSE
	EndGlobalSection
	GlobalSection(ExtensibilityGlobals) = postSolution
		SolutionGuid = {959E3B0C-37EC-4123-8EE0-029B90CB3A07}
	EndGlobalSection
EndGlobal
